// !$*UTF8*$!
{
	archiveVersion = 1;
	classes = {
	};
	objectVersion = 46;
	objects = {

/* Begin PBXBuildFile section */
		D92E23541C12762E007EA114 /* main.m in Sources */ = {isa = PBXBuildFile; fileRef = D92E23531C12762E007EA114 /* main.m */; };
		D92E23571C12762E007EA114 /* AppDelegate.m in Sources */ = {isa = PBXBuildFile; fileRef = D92E23561C12762E007EA114 /* AppDelegate.m */; };
		D92E235A1C12762E007EA114 /* ViewController.m in Sources */ = {isa = PBXBuildFile; fileRef = D92E23591C12762E007EA114 /* ViewController.m */; };
		D92E235D1C12762E007EA114 /* Main.storyboard in Resources */ = {isa = PBXBuildFile; fileRef = D92E235B1C12762E007EA114 /* Main.storyboard */; };
		D92E235F1C12762E007EA114 /* Assets.xcassets in Resources */ = {isa = PBXBuildFile; fileRef = D92E235E1C12762E007EA114 /* Assets.xcassets */; };
		D92E23621C12762E007EA114 /* LaunchScreen.storyboard in Resources */ = {isa = PBXBuildFile; fileRef = D92E23601C12762E007EA114 /* LaunchScreen.storyboard */; };
		D92E236D1C12762E007EA114 /* RealTime_HoughTests.m in Sources */ = {isa = PBXBuildFile; fileRef = D92E236C1C12762E007EA114 /* RealTime_HoughTests.m */; };
		D92E23781C12762E007EA114 /* RealTime_HoughUITests.m in Sources */ = {isa = PBXBuildFile; fileRef = D92E23771C12762E007EA114 /* RealTime_HoughUITests.m */; };
		D92E23861C12764C007EA114 /* Accelerate.framework in Frameworks */ = {isa = PBXBuildFile; fileRef = D92E23851C12764C007EA114 /* Accelerate.framework */; };
		D92E23881C127650007EA114 /* AVFoundation.framework in Frameworks */ = {isa = PBXBuildFile; fileRef = D92E23871C127650007EA114 /* AVFoundation.framework */; };
		D92E238A1C12766F007EA114 /* CoreMedia.framework in Frameworks */ = {isa = PBXBuildFile; fileRef = D92E23891C12766F007EA114 /* CoreMedia.framework */; };
		D92E238C1C127674007EA114 /* OpenGLES.framework in Frameworks */ = {isa = PBXBuildFile; fileRef = D92E238B1C127674007EA114 /* OpenGLES.framework */; };
		D92E238E1C127680007EA114 /* QuartzCore.framework in Frameworks */ = {isa = PBXBuildFile; fileRef = D92E238D1C127680007EA114 /* QuartzCore.framework */; };
		D92E23901C12768C007EA114 /* CoreVideo.framework in Frameworks */ = {isa = PBXBuildFile; fileRef = D92E238F1C12768C007EA114 /* CoreVideo.framework */; };
		D92E23921C127697007EA114 /* UIKit.framework in Frameworks */ = {isa = PBXBuildFile; fileRef = D92E23911C127697007EA114 /* UIKit.framework */; };
		D92E23941C1276A1007EA114 /* Foundation.framework in Frameworks */ = {isa = PBXBuildFile; fileRef = D92E23931C1276A1007EA114 /* Foundation.framework */; };
		D92E23961C1276AE007EA114 /* CoreGraphics.framework in Frameworks */ = {isa = PBXBuildFile; fileRef = D92E23951C1276AE007EA114 /* CoreGraphics.framework */; };
		D92E23981C1276BA007EA114 /* GPUImage.framework in Frameworks */ = {isa = PBXBuildFile; fileRef = D92E23971C1276BA007EA114 /* GPUImage.framework */; settings = {ASSET_TAGS = (); }; };
/* End PBXBuildFile section */

/* Begin PBXContainerItemProxy section */
		D92E23691C12762E007EA114 /* PBXContainerItemProxy */ = {
			isa = PBXContainerItemProxy;
			containerPortal = D92E23471C12762E007EA114 /* Project object */;
			proxyType = 1;
			remoteGlobalIDString = D92E234E1C12762E007EA114;
			remoteInfo = RealTime_Hough;
		};
		D92E23741C12762E007EA114 /* PBXContainerItemProxy */ = {
			isa = PBXContainerItemProxy;
			containerPortal = D92E23471C12762E007EA114 /* Project object */;
			proxyType = 1;
			remoteGlobalIDString = D92E234E1C12762E007EA114;
			remoteInfo = RealTime_Hough;
		};
/* End PBXContainerItemProxy section */

/* Begin PBXFileReference section */
		D92E234F1C12762E007EA114 /* RealTime_Hough.app */ = {isa = PBXFileReference; explicitFileType = wrapper.application; includeInIndex = 0; path = RealTime_Hough.app; sourceTree = BUILT_PRODUCTS_DIR; };
		D92E23531C12762E007EA114 /* main.m */ = {isa = PBXFileReference; lastKnownFileType = sourcecode.c.objc; path = main.m; sourceTree = "<group>"; };
		D92E23551C12762E007EA114 /* AppDelegate.h */ = {isa = PBXFileReference; lastKnownFileType = sourcecode.c.h; path = AppDelegate.h; sourceTree = "<group>"; };
		D92E23561C12762E007EA114 /* AppDelegate.m */ = {isa = PBXFileReference; lastKnownFileType = sourcecode.c.objc; path = AppDelegate.m; sourceTree = "<group>"; };
		D92E23581C12762E007EA114 /* ViewController.h */ = {isa = PBXFileReference; lastKnownFileType = sourcecode.c.h; path = ViewController.h; sourceTree = "<group>"; };
		D92E23591C12762E007EA114 /* ViewController.m */ = {isa = PBXFileReference; lastKnownFileType = sourcecode.c.objc; path = ViewController.m; sourceTree = "<group>"; };
		D92E235C1C12762E007EA114 /* Base */ = {isa = PBXFileReference; lastKnownFileType = file.storyboard; name = Base; path = Base.lproj/Main.storyboard; sourceTree = "<group>"; };
		D92E235E1C12762E007EA114 /* Assets.xcassets */ = {isa = PBXFileReference; lastKnownFileType = folder.assetcatalog; path = Assets.xcassets; sourceTree = "<group>"; };
		D92E23611C12762E007EA114 /* Base */ = {isa = PBXFileReference; lastKnownFileType = file.storyboard; name = Base; path = Base.lproj/LaunchScreen.storyboard; sourceTree = "<group>"; };
		D92E23631C12762E007EA114 /* Info.plist */ = {isa = PBXFileReference; lastKnownFileType = text.plist.xml; path = Info.plist; sourceTree = "<group>"; };
		D92E23681C12762E007EA114 /* RealTime_HoughTests.xctest */ = {isa = PBXFileReference; explicitFileType = wrapper.cfbundle; includeInIndex = 0; path = RealTime_HoughTests.xctest; sourceTree = BUILT_PRODUCTS_DIR; };
		D92E236C1C12762E007EA114 /* RealTime_HoughTests.m */ = {isa = PBXFileReference; lastKnownFileType = sourcecode.c.objc; path = RealTime_HoughTests.m; sourceTree = "<group>"; };
		D92E236E1C12762E007EA114 /* Info.plist */ = {isa = PBXFileReference; lastKnownFileType = text.plist.xml; path = Info.plist; sourceTree = "<group>"; };
		D92E23731C12762E007EA114 /* RealTime_HoughUITests.xctest */ = {isa = PBXFileReference; explicitFileType = wrapper.cfbundle; includeInIndex = 0; path = RealTime_HoughUITests.xctest; sourceTree = BUILT_PRODUCTS_DIR; };
		D92E23771C12762E007EA114 /* RealTime_HoughUITests.m */ = {isa = PBXFileReference; lastKnownFileType = sourcecode.c.objc; path = RealTime_HoughUITests.m; sourceTree = "<group>"; };
		D92E23791C12762E007EA114 /* Info.plist */ = {isa = PBXFileReference; lastKnownFileType = text.plist.xml; path = Info.plist; sourceTree = "<group>"; };
		D92E23851C12764C007EA114 /* Accelerate.framework */ = {isa = PBXFileReference; lastKnownFileType = wrapper.framework; name = Accelerate.framework; path = System/Library/Frameworks/Accelerate.framework; sourceTree = SDKROOT; };
		D92E23871C127650007EA114 /* AVFoundation.framework */ = {isa = PBXFileReference; lastKnownFileType = wrapper.framework; name = AVFoundation.framework; path = System/Library/Frameworks/AVFoundation.framework; sourceTree = SDKROOT; };
		D92E23891C12766F007EA114 /* CoreMedia.framework */ = {isa = PBXFileReference; lastKnownFileType = wrapper.framework; name = CoreMedia.framework; path = System/Library/Frameworks/CoreMedia.framework; sourceTree = SDKROOT; };
		D92E238B1C127674007EA114 /* OpenGLES.framework */ = {isa = PBXFileReference; lastKnownFileType = wrapper.framework; name = OpenGLES.framework; path = System/Library/Frameworks/OpenGLES.framework; sourceTree = SDKROOT; };
		D92E238D1C127680007EA114 /* QuartzCore.framework */ = {isa = PBXFileReference; lastKnownFileType = wrapper.framework; name = QuartzCore.framework; path = System/Library/Frameworks/QuartzCore.framework; sourceTree = SDKROOT; };
		D92E238F1C12768C007EA114 /* CoreVideo.framework */ = {isa = PBXFileReference; lastKnownFileType = wrapper.framework; name = CoreVideo.framework; path = System/Library/Frameworks/CoreVideo.framework; sourceTree = SDKROOT; };
		D92E23911C127697007EA114 /* UIKit.framework */ = {isa = PBXFileReference; lastKnownFileType = wrapper.framework; name = UIKit.framework; path = System/Library/Frameworks/UIKit.framework; sourceTree = SDKROOT; };
		D92E23931C1276A1007EA114 /* Foundation.framework */ = {isa = PBXFileReference; lastKnownFileType = wrapper.framework; name = Foundation.framework; path = System/Library/Frameworks/Foundation.framework; sourceTree = SDKROOT; };
		D92E23951C1276AE007EA114 /* CoreGraphics.framework */ = {isa = PBXFileReference; lastKnownFileType = wrapper.framework; name = CoreGraphics.framework; path = System/Library/Frameworks/CoreGraphics.framework; sourceTree = SDKROOT; };
		D92E23971C1276BA007EA114 /* GPUImage.framework */ = {isa = PBXFileReference; lastKnownFileType = wrapper.framework; path = GPUImage.framework; sourceTree = "<group>"; };
/* End PBXFileReference section */

/* Begin PBXFrameworksBuildPhase section */
		D92E234C1C12762E007EA114 /* Frameworks */ = {
			isa = PBXFrameworksBuildPhase;
			buildActionMask = 2147483647;
			files = (
				D92E23961C1276AE007EA114 /* CoreGraphics.framework in Frameworks */,
				D92E23981C1276BA007EA114 /* GPUImage.framework in Frameworks */,
				D92E23941C1276A1007EA114 /* Foundation.framework in Frameworks */,
				D92E23921C127697007EA114 /* UIKit.framework in Frameworks */,
				D92E23901C12768C007EA114 /* CoreVideo.framework in Frameworks */,
				D92E238E1C127680007EA114 /* QuartzCore.framework in Frameworks */,
				D92E238C1C127674007EA114 /* OpenGLES.framework in Frameworks */,
				D92E238A1C12766F007EA114 /* CoreMedia.framework in Frameworks */,
				D92E23881C127650007EA114 /* AVFoundation.framework in Frameworks */,
				D92E23861C12764C007EA114 /* Accelerate.framework in Frameworks */,
			);
			runOnlyForDeploymentPostprocessing = 0;
		};
		D92E23651C12762E007EA114 /* Frameworks */ = {
			isa = PBXFrameworksBuildPhase;
			buildActionMask = 2147483647;
			files = (
			);
			runOnlyForDeploymentPostprocessing = 0;
		};
		D92E23701C12762E007EA114 /* Frameworks */ = {
			isa = PBXFrameworksBuildPhase;
			buildActionMask = 2147483647;
			files = (
			);
			runOnlyForDeploymentPostprocessing = 0;
		};
/* End PBXFrameworksBuildPhase section */

/* Begin PBXGroup section */
		D92E23461C12762E007EA114 = {
			isa = PBXGroup;
			children = (
				D92E23971C1276BA007EA114 /* GPUImage.framework */,
				D92E23951C1276AE007EA114 /* CoreGraphics.framework */,
				D92E23931C1276A1007EA114 /* Foundation.framework */,
				D92E23911C127697007EA114 /* UIKit.framework */,
				D92E238F1C12768C007EA114 /* CoreVideo.framework */,
				D92E238D1C127680007EA114 /* QuartzCore.framework */,
				D92E238B1C127674007EA114 /* OpenGLES.framework */,
				D92E23891C12766F007EA114 /* CoreMedia.framework */,
				D92E23871C127650007EA114 /* AVFoundation.framework */,
				D92E23851C12764C007EA114 /* Accelerate.framework */,
				D92E23511C12762E007EA114 /* RealTime_Hough */,
				D92E236B1C12762E007EA114 /* RealTime_HoughTests */,
				D92E23761C12762E007EA114 /* RealTime_HoughUITests */,
				D92E23501C12762E007EA114 /* Products */,
			);
			sourceTree = "<group>";
		};
		D92E23501C12762E007EA114 /* Products */ = {
			isa = PBXGroup;
			children = (
				D92E234F1C12762E007EA114 /* RealTime_Hough.app */,
				D92E23681C12762E007EA114 /* RealTime_HoughTests.xctest */,
				D92E23731C12762E007EA114 /* RealTime_HoughUITests.xctest */,
			);
			name = Products;
			sourceTree = "<group>";
		};
		D92E23511C12762E007EA114 /* RealTime_Hough */ = {
			isa = PBXGroup;
			children = (
				D92E23551C12762E007EA114 /* AppDelegate.h */,
				D92E23561C12762E007EA114 /* AppDelegate.m */,
				D92E23581C12762E007EA114 /* ViewController.h */,
				D92E23591C12762E007EA114 /* ViewController.m */,
				D92E235B1C12762E007EA114 /* Main.storyboard */,
				D92E235E1C12762E007EA114 /* Assets.xcassets */,
				D92E23601C12762E007EA114 /* LaunchScreen.storyboard */,
				D92E23631C12762E007EA114 /* Info.plist */,
				D92E23521C12762E007EA114 /* Supporting Files */,
			);
			path = RealTime_Hough;
			sourceTree = "<group>";
		};
		D92E23521C12762E007EA114 /* Supporting Files */ = {
			isa = PBXGroup;
			children = (
				D92E23531C12762E007EA114 /* main.m */,
			);
			name = "Supporting Files";
			sourceTree = "<group>";
		};
		D92E236B1C12762E007EA114 /* RealTime_HoughTests */ = {
			isa = PBXGroup;
			children = (
				D92E236C1C12762E007EA114 /* RealTime_HoughTests.m */,
				D92E236E1C12762E007EA114 /* Info.plist */,
			);
			path = RealTime_HoughTests;
			sourceTree = "<group>";
		};
		D92E23761C12762E007EA114 /* RealTime_HoughUITests */ = {
			isa = PBXGroup;
			children = (
				D92E23771C12762E007EA114 /* RealTime_HoughUITests.m */,
				D92E23791C12762E007EA114 /* Info.plist */,
			);
			path = RealTime_HoughUITests;
			sourceTree = "<group>";
		};
/* End PBXGroup section */

/* Begin PBXNativeTarget section */
		D92E234E1C12762E007EA114 /* RealTime_Hough */ = {
			isa = PBXNativeTarget;
			buildConfigurationList = D92E237C1C12762E007EA114 /* Build configuration list for PBXNativeTarget "RealTime_Hough" */;
			buildPhases = (
				D92E234B1C12762E007EA114 /* Sources */,
				D92E234C1C12762E007EA114 /* Frameworks */,
				D92E234D1C12762E007EA114 /* Resources */,
			);
			buildRules = (
			);
			dependencies = (
			);
			name = RealTime_Hough;
			productName = RealTime_Hough;
			productReference = D92E234F1C12762E007EA114 /* RealTime_Hough.app */;
			productType = "com.apple.product-type.application";
		};
		D92E23671C12762E007EA114 /* RealTime_HoughTests */ = {
			isa = PBXNativeTarget;
			buildConfigurationList = D92E237F1C12762E007EA114 /* Build configuration list for PBXNativeTarget "RealTime_HoughTests" */;
			buildPhases = (
				D92E23641C12762E007EA114 /* Sources */,
				D92E23651C12762E007EA114 /* Frameworks */,
				D92E23661C12762E007EA114 /* Resources */,
			);
			buildRules = (
			);
			dependencies = (
				D92E236A1C12762E007EA114 /* PBXTargetDependency */,
			);
			name = RealTime_HoughTests;
			productName = RealTime_HoughTests;
			productReference = D92E23681C12762E007EA114 /* RealTime_HoughTests.xctest */;
			productType = "com.apple.product-type.bundle.unit-test";
		};
		D92E23721C12762E007EA114 /* RealTime_HoughUITests */ = {
			isa = PBXNativeTarget;
			buildConfigurationList = D92E23821C12762E007EA114 /* Build configuration list for PBXNativeTarget "RealTime_HoughUITests" */;
			buildPhases = (
				D92E236F1C12762E007EA114 /* Sources */,
				D92E23701C12762E007EA114 /* Frameworks */,
				D92E23711C12762E007EA114 /* Resources */,
			);
			buildRules = (
			);
			dependencies = (
				D92E23751C12762E007EA114 /* PBXTargetDependency */,
			);
			name = RealTime_HoughUITests;
			productName = RealTime_HoughUITests;
			productReference = D92E23731C12762E007EA114 /* RealTime_HoughUITests.xctest */;
			productType = "com.apple.product-type.bundle.ui-testing";
		};
/* End PBXNativeTarget section */

/* Begin PBXProject section */
		D92E23471C12762E007EA114 /* Project object */ = {
			isa = PBXProject;
			attributes = {
				LastUpgradeCheck = 0700;
				ORGANIZATIONNAME = "Jaineel Dalal";
				TargetAttributes = {
					D92E234E1C12762E007EA114 = {
						CreatedOnToolsVersion = 7.0.1;
						DevelopmentTeam = 9VUC3R8D65;
					};
					D92E23671C12762E007EA114 = {
						CreatedOnToolsVersion = 7.0.1;
						TestTargetID = D92E234E1C12762E007EA114;
					};
					D92E23721C12762E007EA114 = {
						CreatedOnToolsVersion = 7.0.1;
						TestTargetID = D92E234E1C12762E007EA114;
					};
				};
			};
			buildConfigurationList = D92E234A1C12762E007EA114 /* Build configuration list for PBXProject "RealTime_Hough" */;
			compatibilityVersion = "Xcode 3.2";
			developmentRegion = English;
			hasScannedForEncodings = 0;
			knownRegions = (
				en,
				Base,
			);
			mainGroup = D92E23461C12762E007EA114;
			productRefGroup = D92E23501C12762E007EA114 /* Products */;
			projectDirPath = "";
			projectRoot = "";
			targets = (
				D92E234E1C12762E007EA114 /* RealTime_Hough */,
				D92E23671C12762E007EA114 /* RealTime_HoughTests */,
				D92E23721C12762E007EA114 /* RealTime_HoughUITests */,
			);
		};
/* End PBXProject section */

/* Begin PBXResourcesBuildPhase section */
		D92E234D1C12762E007EA114 /* Resources */ = {
			isa = PBXResourcesBuildPhase;
			buildActionMask = 2147483647;
			files = (
				D92E23621C12762E007EA114 /* LaunchScreen.storyboard in Resources */,
				D92E235F1C12762E007EA114 /* Assets.xcassets in Resources */,
				D92E235D1C12762E007EA114 /* Main.storyboard in Resources */,
			);
			runOnlyForDeploymentPostprocessing = 0;
		};
		D92E23661C12762E007EA114 /* Resources */ = {
			isa = PBXResourcesBuildPhase;
			buildActionMask = 2147483647;
			files = (
			);
			runOnlyForDeploymentPostprocessing = 0;
		};
		D92E23711C12762E007EA114 /* Resources */ = {
			isa = PBXResourcesBuildPhase;
			buildActionMask = 2147483647;
			files = (
			);
			runOnlyForDeploymentPostprocessing = 0;
		};
/* End PBXResourcesBuildPhase section */

/* Begin PBXSourcesBuildPhase section */
		D92E234B1C12762E007EA114 /* Sources */ = {
			isa = PBXSourcesBuildPhase;
			buildActionMask = 2147483647;
			files = (
				D92E235A1C12762E007EA114 /* ViewController.m in Sources */,
				D92E23571C12762E007EA114 /* AppDelegate.m in Sources */,
				D92E23541C12762E007EA114 /* main.m in Sources */,
			);
			runOnlyForDeploymentPostprocessing = 0;
		};
		D92E23641C12762E007EA114 /* Sources */ = {
			isa = PBXSourcesBuildPhase;
			buildActionMask = 2147483647;
			files = (
				D92E236D1C12762E007EA114 /* RealTime_HoughTests.m in Sources */,
			);
			runOnlyForDeploymentPostprocessing = 0;
		};
		D92E236F1C12762E007EA114 /* Sources */ = {
			isa = PBXSourcesBuildPhase;
			buildActionMask = 2147483647;
			files = (
				D92E23781C12762E007EA114 /* RealTime_HoughUITests.m in Sources */,
			);
			runOnlyForDeploymentPostprocessing = 0;
		};
/* End PBXSourcesBuildPhase section */

/* Begin PBXTargetDependency section */
		D92E236A1C12762E007EA114 /* PBXTargetDependency */ = {
			isa = PBXTargetDependency;
			target = D92E234E1C12762E007EA114 /* RealTime_Hough */;
			targetProxy = D92E23691C12762E007EA114 /* PBXContainerItemProxy */;
		};
		D92E23751C12762E007EA114 /* PBXTargetDependency */ = {
			isa = PBXTargetDependency;
			target = D92E234E1C12762E007EA114 /* RealTime_Hough */;
			targetProxy = D92E23741C12762E007EA114 /* PBXContainerItemProxy */;
		};
/* End PBXTargetDependency section */

/* Begin PBXVariantGroup section */
		D92E235B1C12762E007EA114 /* Main.storyboard */ = {
			isa = PBXVariantGroup;
			children = (
				D92E235C1C12762E007EA114 /* Base */,
			);
			name = Main.storyboard;
			sourceTree = "<group>";
		};
		D92E23601C12762E007EA114 /* LaunchScreen.storyboard */ = {
			isa = PBXVariantGroup;
			children = (
				D92E23611C12762E007EA114 /* Base */,
			);
			name = LaunchScreen.storyboard;
			sourceTree = "<group>";
		};
/* End PBXVariantGroup section */

/* Begin XCBuildConfiguration section */
		D92E237A1C12762E007EA114 /* Debug */ = {
			isa = XCBuildConfiguration;
			buildSettings = {
				ALWAYS_SEARCH_USER_PATHS = NO;
				CLANG_CXX_LANGUAGE_STANDARD = "gnu++0x";
				CLANG_CXX_LIBRARY = "libc++";
				CLANG_ENABLE_MODULES = YES;
				CLANG_ENABLE_OBJC_ARC = YES;
				CLANG_WARN_BOOL_CONVERSION = YES;
				CLANG_WARN_CONSTANT_CONVERSION = YES;
				CLANG_WARN_DIRECT_OBJC_ISA_USAGE = YES_ERROR;
				CLANG_WARN_EMPTY_BODY = YES;
				CLANG_WARN_ENUM_CONVERSION = YES;
				CLANG_WARN_INT_CONVERSION = YES;
				CLANG_WARN_OBJC_ROOT_CLASS = YES_ERROR;
				CLANG_WARN_UNREACHABLE_CODE = YES;
				CLANG_WARN__DUPLICATE_METHOD_MATCH = YES;
				"CODE_SIGN_IDENTITY[sdk=iphoneos*]" = "iPhone Developer";
				COPY_PHASE_STRIP = NO;
				DEBUG_INFORMATION_FORMAT = dwarf;
				ENABLE_STRICT_OBJC_MSGSEND = YES;
				ENABLE_TESTABILITY = YES;
				GCC_C_LANGUAGE_STANDARD = gnu99;
				GCC_DYNAMIC_NO_PIC = NO;
				GCC_NO_COMMON_BLOCKS = YES;
				GCC_OPTIMIZATION_LEVEL = 0;
				GCC_PREPROCESSOR_DEFINITIONS = (
					"DEBUG=1",
					"$(inherited)",
				);
				GCC_WARN_64_TO_32_BIT_CONVERSION = YES;
				GCC_WARN_ABOUT_RETURN_TYPE = YES_ERROR;
				GCC_WARN_UNDECLARED_SELECTOR = YES;
				GCC_WARN_UNINITIALIZED_AUTOS = YES_AGGRESSIVE;
				GCC_WARN_UNUSED_FUNCTION = YES;
				GCC_WARN_UNUSED_VARIABLE = YES;
				IPHONEOS_DEPLOYMENT_TARGET = 9.0;
				MTL_ENABLE_DEBUG_INFO = YES;
				ONLY_ACTIVE_ARCH = YES;
				SDKROOT = iphoneos;
				TARGETED_DEVICE_FAMILY = "1,2";
			};
			name = Debug;
		};
		D92E237B1C12762E007EA114 /* Release */ = {
			isa = XCBuildConfiguration;
			buildSettings = {
				ALWAYS_SEARCH_USER_PATHS = NO;
				CLANG_CXX_LANGUAGE_STANDARD = "gnu++0x";
				CLANG_CXX_LIBRARY = "libc++";
				CLANG_ENABLE_MODULES = YES;
				CLANG_ENABLE_OBJC_ARC = YES;
				CLANG_WARN_BOOL_CONVERSION = YES;
				CLANG_WARN_CONSTANT_CONVERSION = YES;
				CLANG_WARN_DIRECT_OBJC_ISA_USAGE = YES_ERROR;
				CLANG_WARN_EMPTY_BODY = YES;
				CLANG_WARN_ENUM_CONVERSION = YES;
				CLANG_WARN_INT_CONVERSION = YES;
				CLANG_WARN_OBJC_ROOT_CLASS = YES_ERROR;
				CLANG_WARN_UNREACHABLE_CODE = YES;
				CLANG_WARN__DUPLICATE_METHOD_MATCH = YES;
				"CODE_SIGN_IDENTITY[sdk=iphoneos*]" = "iPhone Developer";
				COPY_PHASE_STRIP = NO;
				DEBUG_INFORMATION_FORMAT = "dwarf-with-dsym";
				ENABLE_NS_ASSERTIONS = NO;
				ENABLE_STRICT_OBJC_MSGSEND = YES;
				GCC_C_LANGUAGE_STANDARD = gnu99;
				GCC_NO_COMMON_BLOCKS = YES;
				GCC_WARN_64_TO_32_BIT_CONVERSION = YES;
				GCC_WARN_ABOUT_RETURN_TYPE = YES_ERROR;
				GCC_WARN_UNDECLARED_SELECTOR = YES;
				GCC_WARN_UNINITIALIZED_AUTOS = YES_AGGRESSIVE;
				GCC_WARN_UNUSED_FUNCTION = YES;
				GCC_WARN_UNUSED_VARIABLE = YES;
				IPHONEOS_DEPLOYMENT_TARGET = 9.0;
				MTL_ENABLE_DEBUG_INFO = NO;
				SDKROOT = iphoneos;
				TARGETED_DEVICE_FAMILY = "1,2";
				VALIDATE_PRODUCT = YES;
			};
			name = Release;
		};
		D92E237D1C12762E007EA114 /* Debug */ = {
			isa = XCBuildConfiguration;
			buildSettings = {
				ASSETCATALOG_COMPILER_APPICON_NAME = AppIcon;
				CODE_SIGN_IDENTITY = "iPhone Developer";
				ENABLE_BITCODE = NO;
				FRAMEWORK_SEARCH_PATHS = (
					"$(inherited)",
					"$(PROJECT_DIR)",
				);
				INFOPLIST_FILE = RealTime_Hough/Info.plist;
				IPHONEOS_DEPLOYMENT_TARGET = 8.4;
				LD_RUNPATH_SEARCH_PATHS = "$(inherited) @executable_path/Frameworks";
				PRODUCT_BUNDLE_IDENTIFIER = "JaineelDalal.RealTime-Hough";
				PRODUCT_NAME = "$(TARGET_NAME)";
			};
			name = Debug;
		};
		D92E237E1C12762E007EA114 /* Release */ = {
			isa = XCBuildConfiguration;
			buildSettings = {
				ASSETCATALOG_COMPILER_APPICON_NAME = AppIcon;
				CODE_SIGN_IDENTITY = "iPhone Developer";
				ENABLE_BITCODE = NO;
				FRAMEWORK_SEARCH_PATHS = (
					"$(inherited)",
					"$(PROJECT_DIR)",
				);
				INFOPLIST_FILE = RealTime_Hough/Info.plist;
				IPHONEOS_DEPLOYMENT_TARGET = 8.4;
				LD_RUNPATH_SEARCH_PATHS = "$(inherited) @executable_path/Frameworks";
				PRODUCT_BUNDLE_IDENTIFIER = "JaineelDalal.RealTime-Hough";
				PRODUCT_NAME = "$(TARGET_NAME)";
			};
			name = Release;
		};
		D92E23801C12762E007EA114 /* Debug */ = {
			isa = XCBuildConfiguration;
			buildSettings = {
				BUNDLE_LOADER = "$(TEST_HOST)";
				INFOPLIST_FILE = RealTime_HoughTests/Info.plist;
				LD_RUNPATH_SEARCH_PATHS = "$(inherited) @executable_path/Frameworks @loader_path/Frameworks";
				PRODUCT_BUNDLE_IDENTIFIER = "JaineelDalal.RealTime-HoughTests";
				PRODUCT_NAME = "$(TARGET_NAME)";
				TEST_HOST = "$(BUILT_PRODUCTS_DIR)/RealTime_Hough.app/RealTime_Hough";
			};
			name = Debug;
		};
		D92E23811C12762E007EA114 /* Release */ = {
			isa = XCBuildConfiguration;
			buildSettings = {
				BUNDLE_LOADER = "$(TEST_HOST)";
				INFOPLIST_FILE = RealTime_HoughTests/Info.plist;
				LD_RUNPATH_SEARCH_PATHS = "$(inherited) @executable_path/Frameworks @loader_path/Frameworks";
				PRODUCT_BUNDLE_IDENTIFIER = "JaineelDalal.RealTime-HoughTests";
				PRODUCT_NAME = "$(TARGET_NAME)";
				TEST_HOST = "$(BUILT_PRODUCTS_DIR)/RealTime_Hough.app/RealTime_Hough";
			};
			name = Release;
		};
		D92E23831C12762E007EA114 /* Debug */ = {
			isa = XCBuildConfiguration;
			buildSettings = {
				INFOPLIST_FILE = RealTime_HoughUITests/Info.plist;
				LD_RUNPATH_SEARCH_PATHS = "$(inherited) @executable_path/Frameworks @loader_path/Frameworks";
				PRODUCT_BUNDLE_IDENTIFIER = "JaineelDalal.RealTime-HoughUITests";
				PRODUCT_NAME = "$(TARGET_NAME)";
				TEST_TARGET_NAME = RealTime_Hough;
				USES_XCTRUNNER = YES;
			};
			name = Debug;
		};
		D92E23841C12762E007EA114 /* Release */ = {
			isa = XCBuildConfiguration;
			buildSettings = {
				INFOPLIST_FILE = RealTime_HoughUITests/Info.plist;
				LD_RUNPATH_SEARCH_PATHS = "$(inherited) @executable_path/Frameworks @loader_path/Frameworks";
				PRODUCT_BUNDLE_IDENTIFIER = "JaineelDalal.RealTime-HoughUITests";
				PRODUCT_NAME = "$(TARGET_NAME)";
				TEST_TARGET_NAME = RealTime_Hough;
				USES_XCTRUNNER = YES;
			};
			name = Release;
		};
/* End XCBuildConfiguration section */

/* Begin XCConfigurationList section */
		D92E234A1C12762E007EA114 /* Build configuration list for PBXProject "RealTime_Hough" */ = {
			isa = XCConfigurationList;
			buildConfigurations = (
				D92E237A1C12762E007EA114 /* Debug */,
				D92E237B1C12762E007EA114 /* Release */,
			);
			defaultConfigurationIsVisible = 0;
			defaultConfigurationName = Release;
		};
		D92E237C1C12762E007EA114 /* Build configuration list for PBXNativeTarget "RealTime_Hough" */ = {
			isa = XCConfigurationList;
			buildConfigurations = (
				D92E237D1C12762E007EA114 /* Debug */,
				D92E237E1C12762E007EA114 /* Release */,
			);
			defaultConfigurationIsVisible = 0;
		};
		D92E237F1C12762E007EA114 /* Build configuration list for PBXNativeTarget "RealTime_HoughTests" */ = {
			isa = XCConfigurationList;
			buildConfigurations = (
				D92E23801C12762E007EA114 /* Debug */,
				D92E23811C12762E007EA114 /* Release */,
			);
			defaultConfigurationIsVisible = 0;
		};
		D92E23821C12762E007EA114 /* Build configuration list for PBXNativeTarget "RealTime_HoughUITests" */ = {
			isa = XCConfigurationList;
			buildConfigurations = (
				D92E23831C12762E007EA114 /* Debug */,
				D92E23841C12762E007EA114 /* Release */,
			);
			defaultConfigurationIsVisible = 0;
		};
/* End XCConfigurationList section */
	};
	rootObject = D92E23471C12762E007EA114 /* Project object */;
}
